
Microsoft Visual Studio Solution File, Format Version 12.00
# Visual Studio Version 16
VisualStudioVersion = 16.0.31702.278
MinimumVisualStudioVersion = 10.0.40219.1
Project("{9A19103F-16F7-4668-BE54-9A1E7A4F7556}") = "LUMARDMSBlazorApp", "LUMARDMSBlazorApp\LUMARDMSBlazorApp.csproj", "{0FA2BA28-57F0-49CC-AB37-33AA5340A750}"
EndProject
Global
	GlobalSection(SolutionConfigurationPlatforms) = preSolution
		Debug|Any CPU = Debug|Any CPU
		Release|Any CPU = Release|Any CPU
	EndGlobalSection
	GlobalSection(ProjectConfigurationPlatforms) = postSolution
		{0FA2BA28-57F0-49CC-AB37-33AA5340A750}.Debug|Any CPU.ActiveCfg = Debug|Any CPU
		{0FA2BA28-57F0-49CC-AB37-33AA5340A750}.Debug|Any CPU.Build.0 = Debug|Any CPU
		{0FA2BA28-57F0-49CC-AB37-33AA5340A750}.Release|Any CPU.ActiveCfg = Release|Any CPU
		{0FA2BA28-57F0-49CC-AB37-33AA5340A750}.Release|Any CPU.Build.0 = Release|Any CPU
	EndGlobalSection
	GlobalSection(SolutionProperties) = preSolution
		HideSolutionNode = FALSE
	EndGlobalSection
	GlobalSection(ExtensibilityGlobals) = postSolution
		SolutionGuid = {4CF34A19-54BB-477A-AA07-4609E4E9051B}
	EndGlobalSection
EndGlobal
